
Microsoft Visual Studio Solution File, Format Version 12.00
# Visual Studio Version 16
VisualStudioVersion = 16.0.32428.217
MinimumVisualStudioVersion = 10.0.40219.1
Project("{FAE04EC0-301F-11D3-BF4B-00C04F79EFBC}") = "Simple-Salary-System", "Simple-Salary-System\Simple-Salary-System.csproj", "{D4AE6EEF-4BE7-444A-9AE0-32A9B6F6149A}"
EndProject
Global
	GlobalSection(SolutionConfigurationPlatforms) = preSolution
		Debug|Any CPU = Debug|Any CPU
		Release|Any CPU = Release|Any CPU
	EndGlobalSection
	GlobalSection(ProjectConfigurationPlatforms) = postSolution
		{D4AE6EEF-4BE7-444A-9AE0-32A9B6F6149A}.Debug|Any CPU.ActiveCfg = Debug|Any CPU
		{D4AE6EEF-4BE7-444A-9AE0-32A9B6F6149A}.Debug|Any CPU.Build.0 = Debug|Any CPU
		{D4AE6EEF-4BE7-444A-9AE0-32A9B6F6149A}.Release|Any CPU.ActiveCfg = Release|Any CPU
		{D4AE6EEF-4BE7-444A-9AE0-32A9B6F6149A}.Release|Any CPU.Build.0 = Release|Any CPU
	EndGlobalSection
	GlobalSection(SolutionProperties) = preSolution
		HideSolutionNode = FALSE
	EndGlobalSection
	GlobalSection(ExtensibilityGlobals) = postSolution
		SolutionGuid = {338BC800-7D48-401A-AB8E-A797C5C97291}
	EndGlobalSection
EndGlobal
